schema: '2.0'
stages:
  load:
    cmd: python src/load.py --source_path data/songs.csv --output_path 
      data/raw.csv
    deps:
    - path: data/songs.csv
      hash: md5
      md5: 0e71e2c46244acac485bd8c245aa6e56
      size: 856462614
    - path: src/load.py
      hash: md5
      md5: 3bc9713090f10b25aba105780ca55ab2
      size: 1283
    outs:
    - path: data/raw.csv
      hash: md5
      md5: dc43e1e7b6ee08374926e772529e94cc
      size: 857013234
  process:
    cmd: python src/process.py --input_path data/raw.csv --train_output 
      data/train.csv --prod_output data/prod_sim.csv --year_threshold 2010
    deps:
    - path: data/raw.csv
      hash: md5
      md5: dc43e1e7b6ee08374926e772529e94cc
      size: 857013234
    - path: src/process.py
      hash: md5
      md5: e770ad900764cb296ce11f00ca78e001
      size: 2332
    outs:
    - path: data/prod_sim.csv
      hash: md5
      md5: d4c3720cfa13169cff84b2e536f0f9a7
      size: 442382066
    - path: data/train.csv
      hash: md5
      md5: da8d9a5e1bb458d9a1ab9058b3f21dd8
      size: 414631409
